<?xml version="1.0" encoding="utf-8"?>
<Project ToolsVersion="4.0" xmlns="http://schemas.microsoft.com/developer/msbuild/2003">
  <ItemGroup>
    <ClCompile Include="Main.cpp" />
    <ClCompile Include="R2DEngine.cpp">
      <Filter>Engine\EngineCore</Filter>
    </ClCompile>
    <ClCompile Include="RenderEngine.cpp">
      <Filter>Engine\EngineCore</Filter>
    </ClCompile>
    <ClCompile Include="RDebug.cpp">
      <Filter>Engine\EngineComponents</Filter>
    </ClCompile>
    <ClCompile Include="GameConfig.cpp">
      <Filter>Engine\Config</Filter>
    </ClCompile>
    <ClCompile Include="RInput.cpp">
      <Filter>Engine\EngineComponents</Filter>
    </ClCompile>
    <ClCompile Include="RString.cpp">
      <Filter>Engine\Includes</Filter>
    </ClCompile>
    <ClCompile Include="R2DComponent.cpp">
      <Filter>Engine\GameObjectAndComponents</Filter>
    </ClCompile>
    <ClCompile Include="SpriteRenderer.cpp">
      <Filter>Engine\GameObjectAndComponents</Filter>
    </ClCompile>
    <ClCompile Include="Shader.cpp">
      <Filter>Engine\RenderingComponents</Filter>
    </ClCompile>
    <ClCompile Include="FileManager.cpp">
      <Filter>Engine\ResourceManagers</Filter>
    </ClCompile>
    <ClCompile Include="ShaderManager.cpp">
      <Filter>Engine\ResourceManagers</Filter>
    </ClCompile>
    <ClCompile Include="AssetPaths.cpp">
      <Filter>Engine\ResourceManagers</Filter>
    </ClCompile>
    <ClCompile Include="TextureManager.cpp">
      <Filter>Engine\ResourceManagers</Filter>
    </ClCompile>
    <ClCompile Include="Texture.cpp">
      <Filter>Engine\RenderingComponents</Filter>
    </ClCompile>
    <ClCompile Include="Colour.cpp">
      <Filter>Engine\RenderingComponents</Filter>
    </ClCompile>
    <ClCompile Include="GameObject.cpp">
      <Filter>Engine\GameObjectAndComponents</Filter>
    </ClCompile>
    <ClCompile Include="Transform.cpp">
      <Filter>Engine\GameObjectAndComponents</Filter>
    </ClCompile>
    <ClCompile Include="RVector.cpp">
      <Filter>Engine\Includes</Filter>
    </ClCompile>
    <ClCompile Include="RocketCommand.cpp">
      <Filter>Gameplay Code</Filter>
    </ClCompile>
    <ClCompile Include="R2DGame.cpp">
      <Filter>Engine\EngineCore</Filter>
    </ClCompile>
    <ClCompile Include="R2DScene.cpp">
      <Filter>Engine\EngineCore</Filter>
    </ClCompile>
    <ClCompile Include="Screen.cpp">
      <Filter>Engine\EngineComponents</Filter>
    </ClCompile>
    <ClCompile Include="PhysicsEngine.cpp">
      <Filter>Engine\EngineCore</Filter>
    </ClCompile>
    <ClCompile Include="Rigidbody2D.cpp">
      <Filter>Engine\GameObjectAndComponents</Filter>
    </ClCompile>
    <ClCompile Include="GameScene.cpp">
      <Filter>Gameplay Code</Filter>
    </ClCompile>
    <ClCompile Include="Scene2.cpp">
      <Filter>Gameplay Code</Filter>
    </ClCompile>
    <ClCompile Include="R2DScript.cpp">
      <Filter>Engine\GameObjectAndComponents</Filter>
    </ClCompile>
    <ClCompile Include="AsteroidSpawner.cpp">
      <Filter>Gameplay Code</Filter>
    </ClCompile>
    <ClCompile Include="RTime.cpp">
      <Filter>Engine\EngineComponents</Filter>
    </ClCompile>
    <ClCompile Include="RRandom.cpp">
      <Filter>Engine\EngineComponents</Filter>
    </ClCompile>
    <ClCompile Include="Cannon.cpp">
      <Filter>Gameplay Code</Filter>
    </ClCompile>
    <ClCompile Include="TimedDestroy.cpp">
      <Filter>Gameplay Code</Filter>
    </ClCompile>
    <ClCompile Include="SpriteAnimator.cpp">
      <Filter>Engine\GameObjectAndComponents</Filter>
    </ClCompile>
  </ItemGroup>
  <ItemGroup>
    <Filter Include="Engine">
      <UniqueIdentifier>{38f6d56e-976f-4eb4-962f-c11618ad9f97}</UniqueIdentifier>
    </Filter>
    <Filter Include="Engine\EngineCore">
      <UniqueIdentifier>{33802f07-3a21-4078-b3e3-d63b29bca3e0}</UniqueIdentifier>
    </Filter>
    <Filter Include="Engine\EngineComponents">
      <UniqueIdentifier>{6e6d6f33-922a-4b97-bd6a-741802aa6609}</UniqueIdentifier>
    </Filter>
    <Filter Include="Engine\Config">
      <UniqueIdentifier>{c399758d-02c2-4adc-97db-7c1b2643a3e7}</UniqueIdentifier>
    </Filter>
    <Filter Include="Engine\GameObjectAndComponents">
      <UniqueIdentifier>{64115d0c-f7dd-41ab-b28f-a38126acbabc}</UniqueIdentifier>
    </Filter>
    <Filter Include="Engine\RenderingComponents">
      <UniqueIdentifier>{9dc13228-7938-4f6c-b64c-0c983bfaa24d}</UniqueIdentifier>
    </Filter>
    <Filter Include="Engine\ResourceManagers">
      <UniqueIdentifier>{3ff1201e-ce2d-4e4e-bea7-7bdccf58f5d8}</UniqueIdentifier>
    </Filter>
    <Filter Include="Engine\Includes">
      <UniqueIdentifier>{60e4874d-a4b2-4026-aea5-cc7b17c1c8c8}</UniqueIdentifier>
    </Filter>
    <Filter Include="Gameplay Code">
      <UniqueIdentifier>{384d19df-f0a1-40b4-b799-e79b5b49ba09}</UniqueIdentifier>
    </Filter>
    <Filter Include="Engine\Shaders">
      <UniqueIdentifier>{dda4e511-9544-42b9-9344-45789fff9f96}</UniqueIdentifier>
    </Filter>
  </ItemGroup>
  <ItemGroup>
    <ClInclude Include="R2DEngine.h">
      <Filter>Engine\EngineCore</Filter>
    </ClInclude>
    <ClInclude Include="RenderEngine.h">
      <Filter>Engine\EngineCore</Filter>
    </ClInclude>
    <ClInclude Include="RString.h">
      <Filter>Engine\Includes</Filter>
    </ClInclude>
    <ClInclude Include="RDebug.h">
      <Filter>Engine\EngineComponents</Filter>
    </ClInclude>
    <ClInclude Include="GameConfig.h">
      <Filter>Engine\Config</Filter>
    </ClInclude>
    <ClInclude Include="RInput.h">
      <Filter>Engine\EngineComponents</Filter>
    </ClInclude>
    <ClInclude Include="R2DComponent.h">
      <Filter>Engine\GameObjectAndComponents</Filter>
    </ClInclude>
    <ClInclude Include="SpriteRenderer.h">
      <Filter>Engine\GameObjectAndComponents</Filter>
    </ClInclude>
    <ClInclude Include="Shader.h">
      <Filter>Engine\RenderingComponents</Filter>
    </ClInclude>
    <ClInclude Include="FileManager.h">
      <Filter>Engine\ResourceManagers</Filter>
    </ClInclude>
    <ClInclude Include="Texture.h">
      <Filter>Engine\RenderingComponents</Filter>
    </ClInclude>
    <ClInclude Include="ShaderManager.h">
      <Filter>Engine\ResourceManagers</Filter>
    </ClInclude>
    <ClInclude Include="AssetPaths.h">
      <Filter>Engine\ResourceManagers</Filter>
    </ClInclude>
    <ClInclude Include="TextureManager.h">
      <Filter>Engine\ResourceManagers</Filter>
    </ClInclude>
    <ClInclude Include="GL_Includes.h">
      <Filter>Engine\Includes</Filter>
    </ClInclude>
    <ClInclude Include="Colour.h">
      <Filter>Engine\RenderingComponents</Filter>
    </ClInclude>
    <ClInclude Include="RVector.h">
      <Filter>Engine\Includes</Filter>
    </ClInclude>
    <ClInclude Include="GameObject.h">
      <Filter>Engine\GameObjectAndComponents</Filter>
    </ClInclude>
    <ClInclude Include="Transform.h">
      <Filter>Engine\GameObjectAndComponents</Filter>
    </ClInclude>
    <ClInclude Include="RMatrix.h">
      <Filter>Engine\Includes</Filter>
    </ClInclude>
    <ClInclude Include="RocketCommand.h">
      <Filter>Gameplay Code</Filter>
    </ClInclude>
    <ClInclude Include="R2DGame.h">
      <Filter>Engine\EngineCore</Filter>
    </ClInclude>
    <ClInclude Include="R2DScene.h">
      <Filter>Engine\EngineCore</Filter>
    </ClInclude>
    <ClInclude Include="Screen.h">
      <Filter>Engine\EngineComponents</Filter>
    </ClInclude>
    <ClInclude Include="PhysicsEngine.h">
      <Filter>Engine\EngineCore</Filter>
    </ClInclude>
    <ClInclude Include="Rigidbody2D.h">
      <Filter>Engine\GameObjectAndComponents</Filter>
    </ClInclude>
    <ClInclude Include="GameScene.h">
      <Filter>Gameplay Code</Filter>
    </ClInclude>
    <ClInclude Include="Scene2.h">
      <Filter>Gameplay Code</Filter>
    </ClInclude>
    <ClInclude Include="R2DScript.h">
      <Filter>Engine\GameObjectAndComponents</Filter>
    </ClInclude>
    <ClInclude Include="AsteroidSpawner.h">
      <Filter>Gameplay Code</Filter>
    </ClInclude>
    <ClInclude Include="RTime.h">
      <Filter>Engine\EngineComponents</Filter>
    </ClInclude>
    <ClInclude Include="RRandom.h">
      <Filter>Engine\EngineComponents</Filter>
    </ClInclude>
    <ClInclude Include="Cannon.h">
      <Filter>Gameplay Code</Filter>
    </ClInclude>
    <ClInclude Include="TimedDestroy.h">
      <Filter>Gameplay Code</Filter>
    </ClInclude>
    <ClInclude Include="SpriteAnimator.h">
      <Filter>Engine\GameObjectAndComponents</Filter>
    </ClInclude>
  </ItemGroup>
  <ItemGroup>
    <None Include="Assets\Shaders\SpriteShader.frag">
      <Filter>Engine\Shaders</Filter>
    </None>
    <None Include="Assets\Shaders\SpriteShader.vert">
      <Filter>Engine\Shaders</Filter>
    </None>
    <None Include="Assets\Shaders\SpriteShader_Instanced.frag">
      <Filter>Engine\Shaders</Filter>
    </None>
    <None Include="Assets\Shaders\SpriteShader_Instanced.vert">
      <Filter>Engine\Shaders</Filter>
    </None>
    <None Include="Assets\Shaders\PointSprite.frag">
      <Filter>Engine\Shaders</Filter>
    </None>
    <None Include="Assets\Shaders\PointSprite.geom">
      <Filter>Engine\Shaders</Filter>
    </None>
    <None Include="Assets\Shaders\PointSprite.vert">
      <Filter>Engine\Shaders</Filter>
    </None>
    <None Include="Assets\Shaders\AnimatedSprite.frag">
      <Filter>Engine\Shaders</Filter>
    </None>
    <None Include="Assets\Shaders\AnimatedSprite.vert">
      <Filter>Engine\Shaders</Filter>
    </None>
  </ItemGroup>
</Project>